// !$*UTF8*$!
{
	archiveVersion = 1;
	classes = {
	};
	objectVersion = 50;
	objects = {

/* Begin PBXBuildFile section */
		E00FF4BA22301F16008E45E8 /* UIViewController+UIViewController_FHGViewAddition.m in Sources */ = {isa = PBXBuildFile; fileRef = E00FF4B922301F16008E45E8 /* UIViewController+UIViewController_FHGViewAddition.m */; };
		E00FF4BF223056B9008E45E8 /* AlbumsViewCell.m in Sources */ = {isa = PBXBuildFile; fileRef = E00FF4BE223056B9008E45E8 /* AlbumsViewCell.m */; };
		E00FF4C222305756008E45E8 /* GridViewCell.m in Sources */ = {isa = PBXBuildFile; fileRef = E00FF4C122305756008E45E8 /* GridViewCell.m */; };
		E00FF4C5223057D7008E45E8 /* AlbumsViewController.m in Sources */ = {isa = PBXBuildFile; fileRef = E00FF4C4223057D7008E45E8 /* AlbumsViewController.m */; };
		E00FF4C822305854008E45E8 /* GridViewController.m in Sources */ = {isa = PBXBuildFile; fileRef = E00FF4C722305854008E45E8 /* GridViewController.m */; };
		E00FF4CB223058DA008E45E8 /* MediaPickerController.m in Sources */ = {isa = PBXBuildFile; fileRef = E00FF4CA223058DA008E45E8 /* MediaPickerController.m */; };
		E028A511222D533F00401A84 /* CameraPreviewSubView.m in Sources */ = {isa = PBXBuildFile; fileRef = E028A510222D533F00401A84 /* CameraPreviewSubView.m */; };
		E028A515222D541100401A84 /* CameraMeasurementView.m in Sources */ = {isa = PBXBuildFile; fileRef = E028A514222D541100401A84 /* CameraMeasurementView.m */; };
		E028A519222D6DA900401A84 /* RoiGestureHandler.m in Sources */ = {isa = PBXBuildFile; fileRef = E028A518222D6DA900401A84 /* RoiGestureHandler.m */; };
		E043583C222D5166007F737A /* CameraMeasurementViewController.m in Sources */ = {isa = PBXBuildFile; fileRef = E043583B222D5166007F737A /* CameraMeasurementViewController.m */; };
		E0479F23222DA202008C7151 /* ExperimentParametersView.m in Sources */ = {isa = PBXBuildFile; fileRef = E0479F22222DA202008C7151 /* ExperimentParametersView.m */; };
		E0559BB122328F290038E854 /* AbsoluteCorrelator.m in Sources */ = {isa = PBXBuildFile; fileRef = E0559BB022328F290038E854 /* AbsoluteCorrelator.m */; };
		E0559BB82232AE0E0038E854 /* ImagePreProcessor.c in Sources */ = {isa = PBXBuildFile; fileRef = E0559BB72232AE0E0038E854 /* ImagePreProcessor.c */; };
		E0559BBC2232C6D90038E854 /* GaussianMask.c in Sources */ = {isa = PBXBuildFile; fileRef = E0559BBB2232C6D90038E854 /* GaussianMask.c */; };
		E0559BC12232E53B0038E854 /* SubpixelCrossCorrelator.c in Sources */ = {isa = PBXBuildFile; fileRef = E0559BC02232E53B0038E854 /* SubpixelCrossCorrelator.c */; };
		E0559BC4223305C60038E854 /* AbsoluteCorrelatorTest.m in Sources */ = {isa = PBXBuildFile; fileRef = E0559BC3223305C60038E854 /* AbsoluteCorrelatorTest.m */; };
		E07CB331224AAC1300F145AA /* AbsoluteCorrelatorX.m in Sources */ = {isa = PBXBuildFile; fileRef = E07CB330224AAC1300F145AA /* AbsoluteCorrelatorX.m */; };
		E07CB755222C0F450083CEAE /* AppDelegate.m in Sources */ = {isa = PBXBuildFile; fileRef = E07CB754222C0F450083CEAE /* AppDelegate.m */; };
		E07CB758222C0F450083CEAE /* FirstScreenViewController.m in Sources */ = {isa = PBXBuildFile; fileRef = E07CB757222C0F450083CEAE /* FirstScreenViewController.m */; };
		E07CB75B222C0F450083CEAE /* Main.storyboard in Resources */ = {isa = PBXBuildFile; fileRef = E07CB759222C0F450083CEAE /* Main.storyboard */; };
		E07CB75D222C0F470083CEAE /* Assets.xcassets in Resources */ = {isa = PBXBuildFile; fileRef = E07CB75C222C0F470083CEAE /* Assets.xcassets */; };
		E07CB760222C0F470083CEAE /* LaunchScreen.storyboard in Resources */ = {isa = PBXBuildFile; fileRef = E07CB75E222C0F470083CEAE /* LaunchScreen.storyboard */; };
		E07CB763222C0F470083CEAE /* main.m in Sources */ = {isa = PBXBuildFile; fileRef = E07CB762222C0F470083CEAE /* main.m */; };
		E07CB76D222C0F470083CEAE /* TurbAppTests.m in Sources */ = {isa = PBXBuildFile; fileRef = E07CB76C222C0F470083CEAE /* TurbAppTests.m */; };
		E07CB778222C0F470083CEAE /* TurbAppUITests.m in Sources */ = {isa = PBXBuildFile; fileRef = E07CB777222C0F470083CEAE /* TurbAppUITests.m */; };
		E07CB78F222C19090083CEAE /* FirstScreenView.m in Sources */ = {isa = PBXBuildFile; fileRef = E07CB78E222C19090083CEAE /* FirstScreenView.m */; };
		E08C45572253F3DB00D0B3AE /* AbsoluteCorrelatorXOld.m in Sources */ = {isa = PBXBuildFile; fileRef = E08C45562253F3DB00D0B3AE /* AbsoluteCorrelatorXOld.m */; };
		E0A38374222EE509004392C4 /* StorageMeasurementView.m in Sources */ = {isa = PBXBuildFile; fileRef = E0A38373222EE509004392C4 /* StorageMeasurementView.m */; };
		E0A38379222F0889004392C4 /* StorageMeasurementViewController.m in Sources */ = {isa = PBXBuildFile; fileRef = E0A38378222F0889004392C4 /* StorageMeasurementViewController.m */; };
		E0A6F40C222EA1C0004E9111 /* ExperimentParametersViewController.m in Sources */ = {isa = PBXBuildFile; fileRef = E0A6F40B222EA1C0004E9111 /* ExperimentParametersViewController.m */; };
		E0B0346B226DD46F004C73E0 /* AllOps.c in Sources */ = {isa = PBXBuildFile; fileRef = E0B0346A226DD46F004C73E0 /* AllOps.c */; };
		E0B0346D226DFF0C004C73E0 /* ImageToBlockConverterOpsDataTests.m in Sources */ = {isa = PBXBuildFile; fileRef = E0B0346C226DFF0C004C73E0 /* ImageToBlockConverterOpsDataTests.m */; };
		E0DCABDF226B6120000BF565 /* ImageToBlocksConverter.c in Sources */ = {isa = PBXBuildFile; fileRef = E0DCABDE226B6120000BF565 /* ImageToBlocksConverter.c */; };
		E0DCABE1226B68FA000BF565 /* ImageToBlockConverterOpsTests.m in Sources */ = {isa = PBXBuildFile; fileRef = E0DCABE0226B68FA000BF565 /* ImageToBlockConverterOpsTests.m */; };
		E0F4A8D82270CCBE0008D3E4 /* CorrelationTests.m in Sources */ = {isa = PBXBuildFile; fileRef = E0F4A8D72270CCBE0008D3E4 /* CorrelationTests.m */; };
/* End PBXBuildFile section */

/* Begin PBXContainerItemProxy section */
		E07CB769222C0F470083CEAE /* PBXContainerItemProxy */ = {
			isa = PBXContainerItemProxy;
			containerPortal = E07CB748222C0F450083CEAE /* Project object */;
			proxyType = 1;
			remoteGlobalIDString = E07CB74F222C0F450083CEAE;
			remoteInfo = TurbApp;
		};
		E07CB774222C0F470083CEAE /* PBXContainerItemProxy */ = {
			isa = PBXContainerItemProxy;
			containerPortal = E07CB748222C0F450083CEAE /* Project object */;
			proxyType = 1;
			remoteGlobalIDString = E07CB74F222C0F450083CEAE;
			remoteInfo = TurbApp;
		};
/* End PBXContainerItemProxy section */

/* Begin PBXFileReference section */
		E00FF4B822301F16008E45E8 /* UIViewController+UIViewController_FHGViewAddition.h */ = {isa = PBXFileReference; lastKnownFileType = sourcecode.c.h; path = "UIViewController+UIViewController_FHGViewAddition.h"; sourceTree = "<group>"; };
		E00FF4B922301F16008E45E8 /* UIViewController+UIViewController_FHGViewAddition.m */ = {isa = PBXFileReference; lastKnownFileType = sourcecode.c.objc; path = "UIViewController+UIViewController_FHGViewAddition.m"; sourceTree = "<group>"; };
		E00FF4BD223056B9008E45E8 /* AlbumsViewCell.h */ = {isa = PBXFileReference; lastKnownFileType = sourcecode.c.h; path = AlbumsViewCell.h; sourceTree = "<group>"; };
		E00FF4BE223056B9008E45E8 /* AlbumsViewCell.m */ = {isa = PBXFileReference; lastKnownFileType = sourcecode.c.objc; path = AlbumsViewCell.m; sourceTree = "<group>"; };
		E00FF4C022305756008E45E8 /* GridViewCell.h */ = {isa = PBXFileReference; lastKnownFileType = sourcecode.c.h; path = GridViewCell.h; sourceTree = "<group>"; };
		E00FF4C122305756008E45E8 /* GridViewCell.m */ = {isa = PBXFileReference; lastKnownFileType = sourcecode.c.objc; path = GridViewCell.m; sourceTree = "<group>"; };
		E00FF4C3223057D7008E45E8 /* AlbumsViewController.h */ = {isa = PBXFileReference; lastKnownFileType = sourcecode.c.h; path = AlbumsViewController.h; sourceTree = "<group>"; };
		E00FF4C4223057D7008E45E8 /* AlbumsViewController.m */ = {isa = PBXFileReference; lastKnownFileType = sourcecode.c.objc; path = AlbumsViewController.m; sourceTree = "<group>"; };
		E00FF4C622305854008E45E8 /* GridViewController.h */ = {isa = PBXFileReference; lastKnownFileType = sourcecode.c.h; path = GridViewController.h; sourceTree = "<group>"; };
		E00FF4C722305854008E45E8 /* GridViewController.m */ = {isa = PBXFileReference; lastKnownFileType = sourcecode.c.objc; path = GridViewController.m; sourceTree = "<group>"; };
		E00FF4C9223058DA008E45E8 /* MediaPickerController.h */ = {isa = PBXFileReference; lastKnownFileType = sourcecode.c.h; path = MediaPickerController.h; sourceTree = "<group>"; };
		E00FF4CA223058DA008E45E8 /* MediaPickerController.m */ = {isa = PBXFileReference; lastKnownFileType = sourcecode.c.objc; path = MediaPickerController.m; sourceTree = "<group>"; };
		E028A50F222D533F00401A84 /* CameraPreviewSubView.h */ = {isa = PBXFileReference; lastKnownFileType = sourcecode.c.h; path = CameraPreviewSubView.h; sourceTree = "<group>"; };
		E028A510222D533F00401A84 /* CameraPreviewSubView.m */ = {isa = PBXFileReference; lastKnownFileType = sourcecode.c.objc; path = CameraPreviewSubView.m; sourceTree = "<group>"; };
		E028A513222D541100401A84 /* CameraMeasurementView.h */ = {isa = PBXFileReference; lastKnownFileType = sourcecode.c.h; path = CameraMeasurementView.h; sourceTree = "<group>"; };
		E028A514222D541100401A84 /* CameraMeasurementView.m */ = {isa = PBXFileReference; lastKnownFileType = sourcecode.c.objc; path = CameraMeasurementView.m; sourceTree = "<group>"; };
		E028A516222D562000401A84 /* CameraMeasurement_common.h */ = {isa = PBXFileReference; lastKnownFileType = sourcecode.c.h; path = CameraMeasurement_common.h; sourceTree = "<group>"; };
		E028A517222D6DA900401A84 /* RoiGestureHandler.h */ = {isa = PBXFileReference; lastKnownFileType = sourcecode.c.h; path = RoiGestureHandler.h; sourceTree = "<group>"; };
		E028A518222D6DA900401A84 /* RoiGestureHandler.m */ = {isa = PBXFileReference; lastKnownFileType = sourcecode.c.objc; path = RoiGestureHandler.m; sourceTree = "<group>"; };
		E043583A222D5166007F737A /* CameraMeasurementViewController.h */ = {isa = PBXFileReference; lastKnownFileType = sourcecode.c.h; name = CameraMeasurementViewController.h; path = TurbApp/Controllers/CameraMeasurementViewController.h; sourceTree = SOURCE_ROOT; };
		E043583B222D5166007F737A /* CameraMeasurementViewController.m */ = {isa = PBXFileReference; lastKnownFileType = sourcecode.c.objc; name = CameraMeasurementViewController.m; path = TurbApp/Controllers/CameraMeasurementViewController.m; sourceTree = SOURCE_ROOT; };
		E0479F21222DA202008C7151 /* ExperimentParametersView.h */ = {isa = PBXFileReference; lastKnownFileType = sourcecode.c.h; path = ExperimentParametersView.h; sourceTree = "<group>"; };
		E0479F22222DA202008C7151 /* ExperimentParametersView.m */ = {isa = PBXFileReference; lastKnownFileType = sourcecode.c.objc; path = ExperimentParametersView.m; sourceTree = "<group>"; };
		E0559BAF22328F290038E854 /* AbsoluteCorrelator.h */ = {isa = PBXFileReference; lastKnownFileType = sourcecode.c.h; path = AbsoluteCorrelator.h; sourceTree = "<group>"; };
		E0559BB022328F290038E854 /* AbsoluteCorrelator.m */ = {isa = PBXFileReference; lastKnownFileType = sourcecode.c.objc; path = AbsoluteCorrelator.m; sourceTree = "<group>"; };
		E0559BB3223292B20038E854 /* ModelsResources.h */ = {isa = PBXFileReference; lastKnownFileType = sourcecode.c.h; path = ModelsResources.h; sourceTree = "<group>"; };
		E0559BB42232ACA90038E854 /* AbsoluteCorrelator_private.h */ = {isa = PBXFileReference; lastKnownFileType = sourcecode.c.h; path = AbsoluteCorrelator_private.h; sourceTree = "<group>"; };
		E0559BB62232AE0E0038E854 /* ImagePreProcessor.h */ = {isa = PBXFileReference; lastKnownFileType = sourcecode.c.h; path = ImagePreProcessor.h; sourceTree = "<group>"; };
		E0559BB72232AE0E0038E854 /* ImagePreProcessor.c */ = {isa = PBXFileReference; lastKnownFileType = sourcecode.c.c; path = ImagePreProcessor.c; sourceTree = "<group>"; };
		E0559BBA2232C6D90038E854 /* GaussianMask.h */ = {isa = PBXFileReference; lastKnownFileType = sourcecode.c.h; path = GaussianMask.h; sourceTree = "<group>"; };
		E0559BBB2232C6D90038E854 /* GaussianMask.c */ = {isa = PBXFileReference; lastKnownFileType = sourcecode.c.c; path = GaussianMask.c; sourceTree = "<group>"; };
		E0559BBD2232C7750038E854 /* fhgm_c_private_resources.h */ = {isa = PBXFileReference; lastKnownFileType = sourcecode.c.h; path = fhgm_c_private_resources.h; sourceTree = "<group>"; };
		E0559BBF2232E53B0038E854 /* SubpixelCrossCorrelator.h */ = {isa = PBXFileReference; lastKnownFileType = sourcecode.c.h; path = SubpixelCrossCorrelator.h; sourceTree = "<group>"; };
		E0559BC02232E53B0038E854 /* SubpixelCrossCorrelator.c */ = {isa = PBXFileReference; lastKnownFileType = sourcecode.c.c; path = SubpixelCrossCorrelator.c; sourceTree = "<group>"; };
		E0559BC3223305C60038E854 /* AbsoluteCorrelatorTest.m */ = {isa = PBXFileReference; lastKnownFileType = sourcecode.c.objc; path = AbsoluteCorrelatorTest.m; sourceTree = "<group>"; };
		E07CB32F224AAC1300F145AA /* AbsoluteCorrelatorX.h */ = {isa = PBXFileReference; lastKnownFileType = sourcecode.c.h; path = AbsoluteCorrelatorX.h; sourceTree = "<group>"; };
		E07CB330224AAC1300F145AA /* AbsoluteCorrelatorX.m */ = {isa = PBXFileReference; lastKnownFileType = sourcecode.c.objc; path = AbsoluteCorrelatorX.m; sourceTree = "<group>"; };
		E07CB750222C0F450083CEAE /* TurbApp.app */ = {isa = PBXFileReference; explicitFileType = wrapper.application; includeInIndex = 0; path = TurbApp.app; sourceTree = BUILT_PRODUCTS_DIR; };
		E07CB753222C0F450083CEAE /* AppDelegate.h */ = {isa = PBXFileReference; lastKnownFileType = sourcecode.c.h; path = AppDelegate.h; sourceTree = "<group>"; };
		E07CB754222C0F450083CEAE /* AppDelegate.m */ = {isa = PBXFileReference; lastKnownFileType = sourcecode.c.objc; path = AppDelegate.m; sourceTree = "<group>"; };
		E07CB756222C0F450083CEAE /* FirstScreenViewController.h */ = {isa = PBXFileReference; lastKnownFileType = sourcecode.c.h; path = FirstScreenViewController.h; sourceTree = "<group>"; };
		E07CB757222C0F450083CEAE /* FirstScreenViewController.m */ = {isa = PBXFileReference; lastKnownFileType = sourcecode.c.objc; path = FirstScreenViewController.m; sourceTree = "<group>"; };
		E07CB75A222C0F450083CEAE /* Base */ = {isa = PBXFileReference; lastKnownFileType = file.storyboard; name = Base; path = Base.lproj/Main.storyboard; sourceTree = "<group>"; };
		E07CB75C222C0F470083CEAE /* Assets.xcassets */ = {isa = PBXFileReference; lastKnownFileType = folder.assetcatalog; path = Assets.xcassets; sourceTree = "<group>"; };
		E07CB75F222C0F470083CEAE /* Base */ = {isa = PBXFileReference; lastKnownFileType = file.storyboard; name = Base; path = Base.lproj/LaunchScreen.storyboard; sourceTree = "<group>"; };
		E07CB761222C0F470083CEAE /* Info.plist */ = {isa = PBXFileReference; lastKnownFileType = text.plist.xml; path = Info.plist; sourceTree = "<group>"; };
		E07CB762222C0F470083CEAE /* main.m */ = {isa = PBXFileReference; lastKnownFileType = sourcecode.c.objc; path = main.m; sourceTree = "<group>"; };
		E07CB768222C0F470083CEAE /* TurbAppTests.xctest */ = {isa = PBXFileReference; explicitFileType = wrapper.cfbundle; includeInIndex = 0; path = TurbAppTests.xctest; sourceTree = BUILT_PRODUCTS_DIR; };
		E07CB76C222C0F470083CEAE /* TurbAppTests.m */ = {isa = PBXFileReference; lastKnownFileType = sourcecode.c.objc; path = TurbAppTests.m; sourceTree = "<group>"; };
		E07CB76E222C0F470083CEAE /* Info.plist */ = {isa = PBXFileReference; lastKnownFileType = text.plist.xml; path = Info.plist; sourceTree = "<group>"; };
		E07CB773222C0F470083CEAE /* TurbAppUITests.xctest */ = {isa = PBXFileReference; explicitFileType = wrapper.cfbundle; includeInIndex = 0; path = TurbAppUITests.xctest; sourceTree = BUILT_PRODUCTS_DIR; };
		E07CB777222C0F470083CEAE /* TurbAppUITests.m */ = {isa = PBXFileReference; lastKnownFileType = sourcecode.c.objc; path = TurbAppUITests.m; sourceTree = "<group>"; };
		E07CB779222C0F470083CEAE /* Info.plist */ = {isa = PBXFileReference; lastKnownFileType = text.plist.xml; path = Info.plist; sourceTree = "<group>"; };
		E07CB789222C16B60083CEAE /* common.h */ = {isa = PBXFileReference; lastKnownFileType = sourcecode.c.h; path = common.h; sourceTree = "<group>"; };
		E07CB78D222C19090083CEAE /* FirstScreenView.h */ = {isa = PBXFileReference; lastKnownFileType = sourcecode.c.h; path = FirstScreenView.h; sourceTree = "<group>"; };
		E07CB78E222C19090083CEAE /* FirstScreenView.m */ = {isa = PBXFileReference; lastKnownFileType = sourcecode.c.objc; path = FirstScreenView.m; sourceTree = "<group>"; };
		E07CB790222C1AD00083CEAE /* views_common.h */ = {isa = PBXFileReference; lastKnownFileType = sourcecode.c.h; path = views_common.h; sourceTree = "<group>"; };
		E07CB791222C1C810083CEAE /* FirstScreen_common.h */ = {isa = PBXFileReference; lastKnownFileType = sourcecode.c.h; path = FirstScreen_common.h; sourceTree = "<group>"; };
		E07CB792222C21500083CEAE /* views_resources.h */ = {isa = PBXFileReference; lastKnownFileType = sourcecode.c.h; path = views_resources.h; sourceTree = "<group>"; };
		E08C45552253F3CD00D0B3AE /* AbsoluteCorrelatorXOld.h */ = {isa = PBXFileReference; fileEncoding = 4; lastKnownFileType = sourcecode.c.h; path = AbsoluteCorrelatorXOld.h; sourceTree = "<group>"; };
		E08C45562253F3DB00D0B3AE /* AbsoluteCorrelatorXOld.m */ = {isa = PBXFileReference; fileEncoding = 4; lastKnownFileType = sourcecode.c.objc; path = AbsoluteCorrelatorXOld.m; sourceTree = "<group>"; };
		E0A38372222EE509004392C4 /* StorageMeasurementView.h */ = {isa = PBXFileReference; lastKnownFileType = sourcecode.c.h; path = StorageMeasurementView.h; sourceTree = "<group>"; };
		E0A38373222EE509004392C4 /* StorageMeasurementView.m */ = {isa = PBXFileReference; lastKnownFileType = sourcecode.c.objc; path = StorageMeasurementView.m; sourceTree = "<group>"; };
		E0A38375222EE529004392C4 /* StorageMeasurement_common.h */ = {isa = PBXFileReference; lastKnownFileType = sourcecode.c.h; path = StorageMeasurement_common.h; sourceTree = "<group>"; };
		E0A38377222F0889004392C4 /* StorageMeasurementViewController.h */ = {isa = PBXFileReference; lastKnownFileType = sourcecode.c.h; path = StorageMeasurementViewController.h; sourceTree = "<group>"; };
		E0A38378222F0889004392C4 /* StorageMeasurementViewController.m */ = {isa = PBXFileReference; lastKnownFileType = sourcecode.c.objc; path = StorageMeasurementViewController.m; sourceTree = "<group>"; };
		E0A6F40A222EA1C0004E9111 /* ExperimentParametersViewController.h */ = {isa = PBXFileReference; lastKnownFileType = sourcecode.c.h; path = ExperimentParametersViewController.h; sourceTree = "<group>"; };
		E0A6F40B222EA1C0004E9111 /* ExperimentParametersViewController.m */ = {isa = PBXFileReference; lastKnownFileType = sourcecode.c.objc; path = ExperimentParametersViewController.m; sourceTree = "<group>"; };
		E0B03469226DD46F004C73E0 /* AllOps.h */ = {isa = PBXFileReference; lastKnownFileType = sourcecode.c.h; path = AllOps.h; sourceTree = "<group>"; };
		E0B0346A226DD46F004C73E0 /* AllOps.c */ = {isa = PBXFileReference; lastKnownFileType = sourcecode.c.c; path = AllOps.c; sourceTree = "<group>"; };
		E0B0346C226DFF0C004C73E0 /* ImageToBlockConverterOpsDataTests.m */ = {isa = PBXFileReference; lastKnownFileType = sourcecode.c.objc; path = ImageToBlockConverterOpsDataTests.m; sourceTree = "<group>"; };
		E0B50C8B222E054600399692 /* ExperimentParameters_common.h */ = {isa = PBXFileReference; lastKnownFileType = sourcecode.c.h; path = ExperimentParameters_common.h; sourceTree = "<group>"; };
		E0DCABDD226B6120000BF565 /* ImageToBlocksConverter.h */ = {isa = PBXFileReference; lastKnownFileType = sourcecode.c.h; path = ImageToBlocksConverter.h; sourceTree = "<group>"; };
		E0DCABDE226B6120000BF565 /* ImageToBlocksConverter.c */ = {isa = PBXFileReference; lastKnownFileType = sourcecode.c.c; path = ImageToBlocksConverter.c; sourceTree = "<group>"; };
		E0DCABE0226B68FA000BF565 /* ImageToBlockConverterOpsTests.m */ = {isa = PBXFileReference; lastKnownFileType = sourcecode.c.objc; path = ImageToBlockConverterOpsTests.m; sourceTree = "<group>"; };
		E0F4A8D72270CCBE0008D3E4 /* CorrelationTests.m */ = {isa = PBXFileReference; lastKnownFileType = sourcecode.c.objc; path = CorrelationTests.m; sourceTree = "<group>"; };
/* End PBXFileReference section */

/* Begin PBXFrameworksBuildPhase section */
		E07CB74D222C0F450083CEAE /* Frameworks */ = {
			isa = PBXFrameworksBuildPhase;
			buildActionMask = 2147483647;
			files = (
			);
			runOnlyForDeploymentPostprocessing = 0;
		};
		E07CB765222C0F470083CEAE /* Frameworks */ = {
			isa = PBXFrameworksBuildPhase;
			buildActionMask = 2147483647;
			files = (
			);
			runOnlyForDeploymentPostprocessing = 0;
		};
		E07CB770222C0F470083CEAE /* Frameworks */ = {
			isa = PBXFrameworksBuildPhase;
			buildActionMask = 2147483647;
			files = (
			);
			runOnlyForDeploymentPostprocessing = 0;
		};
/* End PBXFrameworksBuildPhase section */

/* Begin PBXGroup section */
		E00FF4B622301D22008E45E8 /* ViewsResources */ = {
			isa = PBXGroup;
			children = (
				E07CB790222C1AD00083CEAE /* views_common.h */,
				E07CB792222C21500083CEAE /* views_resources.h */,
			);
			name = ViewsResources;
			sourceTree = "<group>";
		};
		E00FF4B722301D41008E45E8 /* ControllersResources */ = {
			isa = PBXGroup;
			children = (
				E00FF4B822301F16008E45E8 /* UIViewController+UIViewController_FHGViewAddition.h */,
				E00FF4B922301F16008E45E8 /* UIViewController+UIViewController_FHGViewAddition.m */,
			);
			name = ControllersResources;
			sourceTree = "<group>";
		};
		E00FF4BB22305665008E45E8 /* GalleryMediaPicker */ = {
			isa = PBXGroup;
			children = (
				E00FF4BD223056B9008E45E8 /* AlbumsViewCell.h */,
				E00FF4BE223056B9008E45E8 /* AlbumsViewCell.m */,
				E00FF4C022305756008E45E8 /* GridViewCell.h */,
				E00FF4C122305756008E45E8 /* GridViewCell.m */,
			);
			name = GalleryMediaPicker;
			sourceTree = "<group>";
		};
		E00FF4BC22305671008E45E8 /* GalleryMediaPicker */ = {
			isa = PBXGroup;
			children = (
				E00FF4C3223057D7008E45E8 /* AlbumsViewController.h */,
				E00FF4C4223057D7008E45E8 /* AlbumsViewController.m */,
				E00FF4C622305854008E45E8 /* GridViewController.h */,
				E00FF4C722305854008E45E8 /* GridViewController.m */,
				E00FF4C9223058DA008E45E8 /* MediaPickerController.h */,
				E00FF4CA223058DA008E45E8 /* MediaPickerController.m */,
			);
			name = GalleryMediaPicker;
			sourceTree = "<group>";
		};
		E028A50C222D52C400401A84 /* FirstScreen */ = {
			isa = PBXGroup;
			children = (
				E07CB756222C0F450083CEAE /* FirstScreenViewController.h */,
				E07CB757222C0F450083CEAE /* FirstScreenViewController.m */,
			);
			name = FirstScreen;
			sourceTree = "<group>";
		};
		E028A50E222D52D500401A84 /* CameraMeasurement */ = {
			isa = PBXGroup;
			children = (
				E043583A222D5166007F737A /* CameraMeasurementViewController.h */,
				E043583B222D5166007F737A /* CameraMeasurementViewController.m */,
			);
			name = CameraMeasurement;
			sourceTree = "<group>";
		};
		E028A512222D534500401A84 /* CameraMeasurement */ = {
			isa = PBXGroup;
			children = (
				E028A516222D562000401A84 /* CameraMeasurement_common.h */,
				E028A50F222D533F00401A84 /* CameraPreviewSubView.h */,
				E028A510222D533F00401A84 /* CameraPreviewSubView.m */,
				E028A513222D541100401A84 /* CameraMeasurementView.h */,
				E028A514222D541100401A84 /* CameraMeasurementView.m */,
			);
			name = CameraMeasurement;
			sourceTree = "<group>";
		};
		E028A51A222D759A00401A84 /* RoiGestureHandlerClass */ = {
			isa = PBXGroup;
			children = (
				E028A517222D6DA900401A84 /* RoiGestureHandler.h */,
				E028A518222D6DA900401A84 /* RoiGestureHandler.m */,
			);
			name = RoiGestureHandlerClass;
			sourceTree = "<group>";
		};
		E0479F20222DA1C4008C7151 /* ExperimentParameters */ = {
			isa = PBXGroup;
			children = (
				E0B50C8B222E054600399692 /* ExperimentParameters_common.h */,
				E0479F21222DA202008C7151 /* ExperimentParametersView.h */,
				E0479F22222DA202008C7151 /* ExperimentParametersView.m */,
			);
			name = ExperimentParameters;
			sourceTree = "<group>";
		};
		E0559BAE22328ECD0038E854 /* AbsoluteImageMotion */ = {
			isa = PBXGroup;
			children = (
				E0559BC22232F6C00038E854 /* AbsoluteImageMotionFiles */,
				E0559BAF22328F290038E854 /* AbsoluteCorrelator.h */,
				E0559BB022328F290038E854 /* AbsoluteCorrelator.m */,
				E07CB32F224AAC1300F145AA /* AbsoluteCorrelatorX.h */,
				E07CB330224AAC1300F145AA /* AbsoluteCorrelatorX.m */,
				E08C45552253F3CD00D0B3AE /* AbsoluteCorrelatorXOld.h */,
				E08C45562253F3DB00D0B3AE /* AbsoluteCorrelatorXOld.m */,
			);
			name = AbsoluteImageMotion;
			sourceTree = "<group>";
		};
		E0559BB2223292950038E854 /* ModelsResources */ = {
			isa = PBXGroup;
			children = (
				E0559BB3223292B20038E854 /* ModelsResources.h */,
			);
			name = ModelsResources;
			sourceTree = "<group>";
		};
		E0559BB52232ADB30038E854 /* ImagePreProcessing */ = {
			isa = PBXGroup;
			children = (
				E0559BB62232AE0E0038E854 /* ImagePreProcessor.h */,
				E0559BB72232AE0E0038E854 /* ImagePreProcessor.c */,
			);
			name = ImagePreProcessing;
			sourceTree = "<group>";
		};
		E0559BB92232C6C10038E854 /* GaussianMask */ = {
			isa = PBXGroup;
			children = (
				E0559BBA2232C6D90038E854 /* GaussianMask.h */,
				E0559BBB2232C6D90038E854 /* GaussianMask.c */,
			);
			name = GaussianMask;
			sourceTree = "<group>";
		};
		E0559BBE2232E5060038E854 /* SubpixelCrossCorrelator */ = {
			isa = PBXGroup;
			children = (
				E0559BBF2232E53B0038E854 /* SubpixelCrossCorrelator.h */,
				E0559BC02232E53B0038E854 /* SubpixelCrossCorrelator.c */,
			);
			name = SubpixelCrossCorrelator;
			sourceTree = "<group>";
		};
		E0559BC22232F6C00038E854 /* AbsoluteImageMotionFiles */ = {
			isa = PBXGroup;
			children = (
				E0B03468226DD450004C73E0 /* MainOps */,
				E0DCABDC226B60B2000BF565 /* CrossCorrelationOps */,
				E0559BBD2232C7750038E854 /* fhgm_c_private_resources.h */,
				E0559BB42232ACA90038E854 /* AbsoluteCorrelator_private.h */,
				E0559BBE2232E5060038E854 /* SubpixelCrossCorrelator */,
				E0559BB92232C6C10038E854 /* GaussianMask */,
				E0559BB52232ADB30038E854 /* ImagePreProcessing */,
			);
			name = AbsoluteImageMotionFiles;
			sourceTree = "<group>";
		};
		E07CB747222C0F450083CEAE = {
			isa = PBXGroup;
			children = (
				E07CB752222C0F450083CEAE /* TurbApp */,
				E07CB76B222C0F470083CEAE /* TurbAppTests */,
				E07CB776222C0F470083CEAE /* TurbAppUITests */,
				E07CB751222C0F450083CEAE /* Products */,
			);
			sourceTree = "<group>";
		};
		E07CB751222C0F450083CEAE /* Products */ = {
			isa = PBXGroup;
			children = (
				E07CB750222C0F450083CEAE /* TurbApp.app */,
				E07CB768222C0F470083CEAE /* TurbAppTests.xctest */,
				E07CB773222C0F470083CEAE /* TurbAppUITests.xctest */,
			);
			name = Products;
			sourceTree = "<group>";
		};
		E07CB752222C0F450083CEAE /* TurbApp */ = {
			isa = PBXGroup;
			children = (
				E07CB785222C11430083CEAE /* Models */,
				E07CB786222C114F0083CEAE /* Views */,
				E07CB787222C11540083CEAE /* Controllers */,
				E07CB78B222C17380083CEAE /* Resources */,
				E07CB78A222C17210083CEAE /* Main */,
			);
			path = TurbApp;
			sourceTree = "<group>";
		};
		E07CB76B222C0F470083CEAE /* TurbAppTests */ = {
			isa = PBXGroup;
			children = (
				E07CB76C222C0F470083CEAE /* TurbAppTests.m */,
				E07CB76E222C0F470083CEAE /* Info.plist */,
				E0559BC3223305C60038E854 /* AbsoluteCorrelatorTest.m */,
				E0DCABE0226B68FA000BF565 /* ImageToBlockConverterOpsTests.m */,
				E0B0346C226DFF0C004C73E0 /* ImageToBlockConverterOpsDataTests.m */,
				E0F4A8D72270CCBE0008D3E4 /* CorrelationTests.m */,
			);
			path = TurbAppTests;
			sourceTree = "<group>";
		};
		E07CB776222C0F470083CEAE /* TurbAppUITests */ = {
			isa = PBXGroup;
			children = (
				E07CB777222C0F470083CEAE /* TurbAppUITests.m */,
				E07CB779222C0F470083CEAE /* Info.plist */,
			);
			path = TurbAppUITests;
			sourceTree = "<group>";
		};
		E07CB785222C11430083CEAE /* Models */ = {
			isa = PBXGroup;
			children = (
				E0559BB2223292950038E854 /* ModelsResources */,
				E0559BAE22328ECD0038E854 /* AbsoluteImageMotion */,
			);
			path = Models;
			sourceTree = "<group>";
		};
		E07CB786222C114F0083CEAE /* Views */ = {
			isa = PBXGroup;
			children = (
				E00FF4B622301D22008E45E8 /* ViewsResources */,
				E07CB78C222C18D70083CEAE /* FirstScreen */,
				E028A512222D534500401A84 /* CameraMeasurement */,
				E0A38371222EE4A7004392C4 /* StorageMeasurement */,
				E00FF4BB22305665008E45E8 /* GalleryMediaPicker */,
				E0479F20222DA1C4008C7151 /* ExperimentParameters */,
			);
			path = Views;
			sourceTree = "<group>";
		};
		E07CB787222C11540083CEAE /* Controllers */ = {
			isa = PBXGroup;
			children = (
				E00FF4B722301D41008E45E8 /* ControllersResources */,
				E028A50C222D52C400401A84 /* FirstScreen */,
				E028A50E222D52D500401A84 /* CameraMeasurement */,
				E0A6F409222EA1A2004E9111 /* ExperimentParameters */,
				E0A38376222F086E004392C4 /* StorageMeasurement */,
				E00FF4BC22305671008E45E8 /* GalleryMediaPicker */,
				E028A51A222D759A00401A84 /* RoiGestureHandlerClass */,
			);
			path = Controllers;
			sourceTree = "<group>";
		};
		E07CB78A222C17210083CEAE /* Main */ = {
			isa = PBXGroup;
			children = (
				E07CB753222C0F450083CEAE /* AppDelegate.h */,
				E07CB754222C0F450083CEAE /* AppDelegate.m */,
				E07CB762222C0F470083CEAE /* main.m */,
			);
			name = Main;
			sourceTree = "<group>";
		};
		E07CB78B222C17380083CEAE /* Resources */ = {
			isa = PBXGroup;
			children = (
				E07CB789222C16B60083CEAE /* common.h */,
				E07CB759222C0F450083CEAE /* Main.storyboard */,
				E07CB75C222C0F470083CEAE /* Assets.xcassets */,
				E07CB75E222C0F470083CEAE /* LaunchScreen.storyboard */,
				E07CB761222C0F470083CEAE /* Info.plist */,
			);
			name = Resources;
			sourceTree = "<group>";
		};
		E07CB78C222C18D70083CEAE /* FirstScreen */ = {
			isa = PBXGroup;
			children = (
				E07CB78D222C19090083CEAE /* FirstScreenView.h */,
				E07CB78E222C19090083CEAE /* FirstScreenView.m */,
				E07CB791222C1C810083CEAE /* FirstScreen_common.h */,
			);
			name = FirstScreen;
			sourceTree = "<group>";
		};
		E0A38371222EE4A7004392C4 /* StorageMeasurement */ = {
			isa = PBXGroup;
			children = (
				E0A38375222EE529004392C4 /* StorageMeasurement_common.h */,
				E0A38372222EE509004392C4 /* StorageMeasurementView.h */,
				E0A38373222EE509004392C4 /* StorageMeasurementView.m */,
			);
			name = StorageMeasurement;
			sourceTree = "<group>";
		};
		E0A38376222F086E004392C4 /* StorageMeasurement */ = {
			isa = PBXGroup;
			children = (
				E0A38377222F0889004392C4 /* StorageMeasurementViewController.h */,
				E0A38378222F0889004392C4 /* StorageMeasurementViewController.m */,
			);
			name = StorageMeasurement;
			sourceTree = "<group>";
		};
		E0A6F409222EA1A2004E9111 /* ExperimentParameters */ = {
			isa = PBXGroup;
			children = (
				E0A6F40A222EA1C0004E9111 /* ExperimentParametersViewController.h */,
				E0A6F40B222EA1C0004E9111 /* ExperimentParametersViewController.m */,
			);
			name = ExperimentParameters;
			sourceTree = "<group>";
		};
		E0B03468226DD450004C73E0 /* MainOps */ = {
			isa = PBXGroup;
			children = (
				E0B03469226DD46F004C73E0 /* AllOps.h */,
				E0B0346A226DD46F004C73E0 /* AllOps.c */,
			);
			name = MainOps;
			sourceTree = "<group>";
		};
		E0DCABDC226B60B2000BF565 /* CrossCorrelationOps */ = {
			isa = PBXGroup;
			children = (
				E0DCABDD226B6120000BF565 /* ImageToBlocksConverter.h */,
				E0DCABDE226B6120000BF565 /* ImageToBlocksConverter.c */,
			);
			name = CrossCorrelationOps;
			sourceTree = "<group>";
		};
/* End PBXGroup section */

/* Begin PBXNativeTarget section */
		E07CB74F222C0F450083CEAE /* TurbApp */ = {
			isa = PBXNativeTarget;
			buildConfigurationList = E07CB77C222C0F470083CEAE /* Build configuration list for PBXNativeTarget "TurbApp" */;
			buildPhases = (
				E07CB74C222C0F450083CEAE /* Sources */,
				E07CB74D222C0F450083CEAE /* Frameworks */,
				E07CB74E222C0F450083CEAE /* Resources */,
			);
			buildRules = (
			);
			dependencies = (
			);
			name = TurbApp;
			productName = TurbApp;
			productReference = E07CB750222C0F450083CEAE /* TurbApp.app */;
			productType = "com.apple.product-type.application";
		};
		E07CB767222C0F470083CEAE /* TurbAppTests */ = {
			isa = PBXNativeTarget;
			buildConfigurationList = E07CB77F222C0F470083CEAE /* Build configuration list for PBXNativeTarget "TurbAppTests" */;
			buildPhases = (
				E07CB764222C0F470083CEAE /* Sources */,
				E07CB765222C0F470083CEAE /* Frameworks */,
				E07CB766222C0F470083CEAE /* Resources */,
			);
			buildRules = (
			);
			dependencies = (
				E07CB76A222C0F470083CEAE /* PBXTargetDependency */,
			);
			name = TurbAppTests;
			productName = TurbAppTests;
			productReference = E07CB768222C0F470083CEAE /* TurbAppTests.xctest */;
			productType = "com.apple.product-type.bundle.unit-test";
		};
		E07CB772222C0F470083CEAE /* TurbAppUITests */ = {
			isa = PBXNativeTarget;
			buildConfigurationList = E07CB782222C0F470083CEAE /* Build configuration list for PBXNativeTarget "TurbAppUITests" */;
			buildPhases = (
				E07CB76F222C0F470083CEAE /* Sources */,
				E07CB770222C0F470083CEAE /* Frameworks */,
				E07CB771222C0F470083CEAE /* Resources */,
			);
			buildRules = (
			);
			dependencies = (
				E07CB775222C0F470083CEAE /* PBXTargetDependency */,
			);
			name = TurbAppUITests;
			productName = TurbAppUITests;
			productReference = E07CB773222C0F470083CEAE /* TurbAppUITests.xctest */;
			productType = "com.apple.product-type.bundle.ui-testing";
		};
/* End PBXNativeTarget section */

/* Begin PBXProject section */
		E07CB748222C0F450083CEAE /* Project object */ = {
			isa = PBXProject;
			attributes = {
				LastUpgradeCheck = 1010;
				ORGANIZATIONNAME = Fraunhofer;
				TargetAttributes = {
					E07CB74F222C0F450083CEAE = {
						CreatedOnToolsVersion = 10.1;
					};
					E07CB767222C0F470083CEAE = {
						CreatedOnToolsVersion = 10.1;
						TestTargetID = E07CB74F222C0F450083CEAE;
					};
					E07CB772222C0F470083CEAE = {
						CreatedOnToolsVersion = 10.1;
						TestTargetID = E07CB74F222C0F450083CEAE;
					};
				};
			};
			buildConfigurationList = E07CB74B222C0F450083CEAE /* Build configuration list for PBXProject "TurbApp" */;
			compatibilityVersion = "Xcode 9.3";
			developmentRegion = en;
			hasScannedForEncodings = 0;
			knownRegions = (
				en,
				Base,
			);
			mainGroup = E07CB747222C0F450083CEAE;
			productRefGroup = E07CB751222C0F450083CEAE /* Products */;
			projectDirPath = "";
			projectRoot = "";
			targets = (
				E07CB74F222C0F450083CEAE /* TurbApp */,
				E07CB767222C0F470083CEAE /* TurbAppTests */,
				E07CB772222C0F470083CEAE /* TurbAppUITests */,
			);
		};
/* End PBXProject section */

/* Begin PBXResourcesBuildPhase section */
		E07CB74E222C0F450083CEAE /* Resources */ = {
			isa = PBXResourcesBuildPhase;
			buildActionMask = 2147483647;
			files = (
				E07CB760222C0F470083CEAE /* LaunchScreen.storyboard in Resources */,
				E07CB75D222C0F470083CEAE /* Assets.xcassets in Resources */,
				E07CB75B222C0F450083CEAE /* Main.storyboard in Resources */,
			);
			runOnlyForDeploymentPostprocessing = 0;
		};
		E07CB766222C0F470083CEAE /* Resources */ = {
			isa = PBXResourcesBuildPhase;
			buildActionMask = 2147483647;
			files = (
			);
			runOnlyForDeploymentPostprocessing = 0;
		};
		E07CB771222C0F470083CEAE /* Resources */ = {
			isa = PBXResourcesBuildPhase;
			buildActionMask = 2147483647;
			files = (
			);
			runOnlyForDeploymentPostprocessing = 0;
		};
/* End PBXResourcesBuildPhase section */

/* Begin PBXSourcesBuildPhase section */
		E07CB74C222C0F450083CEAE /* Sources */ = {
			isa = PBXSourcesBuildPhase;
			buildActionMask = 2147483647;
			files = (
				E07CB758222C0F450083CEAE /* FirstScreenViewController.m in Sources */,
				E00FF4CB223058DA008E45E8 /* MediaPickerController.m in Sources */,
				E0559BB82232AE0E0038E854 /* ImagePreProcessor.c in Sources */,
				E0A38374222EE509004392C4 /* StorageMeasurementView.m in Sources */,
				E07CB763222C0F470083CEAE /* main.m in Sources */,
				E00FF4C222305756008E45E8 /* GridViewCell.m in Sources */,
				E00FF4C5223057D7008E45E8 /* AlbumsViewController.m in Sources */,
				E00FF4C822305854008E45E8 /* GridViewController.m in Sources */,
				E0559BBC2232C6D90038E854 /* GaussianMask.c in Sources */,
				E0A38379222F0889004392C4 /* StorageMeasurementViewController.m in Sources */,
				E07CB755222C0F450083CEAE /* AppDelegate.m in Sources */,
				E00FF4BA22301F16008E45E8 /* UIViewController+UIViewController_FHGViewAddition.m in Sources */,
				E0B0346B226DD46F004C73E0 /* AllOps.c in Sources */,
				E0479F23222DA202008C7151 /* ExperimentParametersView.m in Sources */,
				E0DCABDF226B6120000BF565 /* ImageToBlocksConverter.c in Sources */,
				E0559BC12232E53B0038E854 /* SubpixelCrossCorrelator.c in Sources */,
				E0559BB122328F290038E854 /* AbsoluteCorrelator.m in Sources */,
				E07CB78F222C19090083CEAE /* FirstScreenView.m in Sources */,
				E028A515222D541100401A84 /* CameraMeasurementView.m in Sources */,
				E028A519222D6DA900401A84 /* RoiGestureHandler.m in Sources */,
				E07CB331224AAC1300F145AA /* AbsoluteCorrelatorX.m in Sources */,
				E00FF4BF223056B9008E45E8 /* AlbumsViewCell.m in Sources */,
				E0A6F40C222EA1C0004E9111 /* ExperimentParametersViewController.m in Sources */,
				E043583C222D5166007F737A /* CameraMeasurementViewController.m in Sources */,
				E08C45572253F3DB00D0B3AE /* AbsoluteCorrelatorXOld.m in Sources */,
				E028A511222D533F00401A84 /* CameraPreviewSubView.m in Sources */,
			);
			runOnlyForDeploymentPostprocessing = 0;
		};
		E07CB764222C0F470083CEAE /* Sources */ = {
			isa = PBXSourcesBuildPhase;
			buildActionMask = 2147483647;
			files = (
				E0DCABE1226B68FA000BF565 /* ImageToBlockConverterOpsTests.m in Sources */,
				E07CB76D222C0F470083CEAE /* TurbAppTests.m in Sources */,
				E0B0346D226DFF0C004C73E0 /* ImageToBlockConverterOpsDataTests.m in Sources */,
				E0559BC4223305C60038E854 /* AbsoluteCorrelatorTest.m in Sources */,
				E0F4A8D82270CCBE0008D3E4 /* CorrelationTests.m in Sources */,
			);
			runOnlyForDeploymentPostprocessing = 0;
		};
		E07CB76F222C0F470083CEAE /* Sources */ = {
			isa = PBXSourcesBuildPhase;
			buildActionMask = 2147483647;
			files = (
				E07CB778222C0F470083CEAE /* TurbAppUITests.m in Sources */,
			);
			runOnlyForDeploymentPostprocessing = 0;
		};
/* End PBXSourcesBuildPhase section */

/* Begin PBXTargetDependency section */
		E07CB76A222C0F470083CEAE /* PBXTargetDependency */ = {
			isa = PBXTargetDependency;
			target = E07CB74F222C0F450083CEAE /* TurbApp */;
			targetProxy = E07CB769222C0F470083CEAE /* PBXContainerItemProxy */;
		};
		E07CB775222C0F470083CEAE /* PBXTargetDependency */ = {
			isa = PBXTargetDependency;
			target = E07CB74F222C0F450083CEAE /* TurbApp */;
			targetProxy = E07CB774222C0F470083CEAE /* PBXContainerItemProxy */;
		};
/* End PBXTargetDependency section */

/* Begin PBXVariantGroup section */
		E07CB759222C0F450083CEAE /* Main.storyboard */ = {
			isa = PBXVariantGroup;
			children = (
				E07CB75A222C0F450083CEAE /* Base */,
			);
			name = Main.storyboard;
			sourceTree = "<group>";
		};
		E07CB75E222C0F470083CEAE /* LaunchScreen.storyboard */ = {
			isa = PBXVariantGroup;
			children = (
				E07CB75F222C0F470083CEAE /* Base */,
			);
			name = LaunchScreen.storyboard;
			sourceTree = "<group>";
		};
/* End PBXVariantGroup section */

/* Begin XCBuildConfiguration section */
		E07CB77A222C0F470083CEAE /* Debug */ = {
			isa = XCBuildConfiguration;
			buildSettings = {
				ALWAYS_SEARCH_USER_PATHS = NO;
				CLANG_ANALYZER_NONNULL = YES;
				CLANG_ANALYZER_NUMBER_OBJECT_CONVERSION = YES_AGGRESSIVE;
				CLANG_CXX_LANGUAGE_STANDARD = "gnu++14";
				CLANG_CXX_LIBRARY = "libc++";
				CLANG_ENABLE_MODULES = YES;
				CLANG_ENABLE_OBJC_ARC = YES;
				CLANG_ENABLE_OBJC_WEAK = YES;
				CLANG_WARN_BLOCK_CAPTURE_AUTORELEASING = YES;
				CLANG_WARN_BOOL_CONVERSION = YES;
				CLANG_WARN_COMMA = YES;
				CLANG_WARN_CONSTANT_CONVERSION = YES;
				CLANG_WARN_DEPRECATED_OBJC_IMPLEMENTATIONS = YES;
				CLANG_WARN_DIRECT_OBJC_ISA_USAGE = YES_ERROR;
				CLANG_WARN_DOCUMENTATION_COMMENTS = YES;
				CLANG_WARN_EMPTY_BODY = YES;
				CLANG_WARN_ENUM_CONVERSION = YES;
				CLANG_WARN_INFINITE_RECURSION = YES;
				CLANG_WARN_INT_CONVERSION = YES;
				CLANG_WARN_NON_LITERAL_NULL_CONVERSION = YES;
				CLANG_WARN_OBJC_IMPLICIT_RETAIN_SELF = YES;
				CLANG_WARN_OBJC_LITERAL_CONVERSION = YES;
				CLANG_WARN_OBJC_ROOT_CLASS = YES_ERROR;
				CLANG_WARN_RANGE_LOOP_ANALYSIS = YES;
				CLANG_WARN_STRICT_PROTOTYPES = YES;
				CLANG_WARN_SUSPICIOUS_MOVE = YES;
				CLANG_WARN_UNGUARDED_AVAILABILITY = YES_AGGRESSIVE;
				CLANG_WARN_UNREACHABLE_CODE = YES;
				CLANG_WARN__DUPLICATE_METHOD_MATCH = YES;
				CODE_SIGN_IDENTITY = "iPhone Developer";
				COPY_PHASE_STRIP = NO;
				DEBUG_INFORMATION_FORMAT = dwarf;
				ENABLE_STRICT_OBJC_MSGSEND = YES;
				ENABLE_TESTABILITY = YES;
				GCC_C_LANGUAGE_STANDARD = gnu11;
				GCC_DYNAMIC_NO_PIC = NO;
				GCC_NO_COMMON_BLOCKS = YES;
				GCC_OPTIMIZATION_LEVEL = 0;
				GCC_PREPROCESSOR_DEFINITIONS = (
					"DEBUG=1",
					"$(inherited)",
				);
				GCC_WARN_64_TO_32_BIT_CONVERSION = YES;
				GCC_WARN_ABOUT_RETURN_TYPE = YES_ERROR;
				GCC_WARN_UNDECLARED_SELECTOR = YES;
				GCC_WARN_UNINITIALIZED_AUTOS = YES_AGGRESSIVE;
				GCC_WARN_UNUSED_FUNCTION = YES;
				GCC_WARN_UNUSED_VARIABLE = YES;
				IPHONEOS_DEPLOYMENT_TARGET = 12.1;
				MTL_ENABLE_DEBUG_INFO = INCLUDE_SOURCE;
				MTL_FAST_MATH = YES;
				ONLY_ACTIVE_ARCH = YES;
				SDKROOT = iphoneos;
			};
			name = Debug;
		};
		E07CB77B222C0F470083CEAE /* Release */ = {
			isa = XCBuildConfiguration;
			buildSettings = {
				ALWAYS_SEARCH_USER_PATHS = NO;
				CLANG_ANALYZER_NONNULL = YES;
				CLANG_ANALYZER_NUMBER_OBJECT_CONVERSION = YES_AGGRESSIVE;
				CLANG_CXX_LANGUAGE_STANDARD = "gnu++14";
				CLANG_CXX_LIBRARY = "libc++";
				CLANG_ENABLE_MODULES = YES;
				CLANG_ENABLE_OBJC_ARC = YES;
				CLANG_ENABLE_OBJC_WEAK = YES;
				CLANG_WARN_BLOCK_CAPTURE_AUTORELEASING = YES;
				CLANG_WARN_BOOL_CONVERSION = YES;
				CLANG_WARN_COMMA = YES;
				CLANG_WARN_CONSTANT_CONVERSION = YES;
				CLANG_WARN_DEPRECATED_OBJC_IMPLEMENTATIONS = YES;
				CLANG_WARN_DIRECT_OBJC_ISA_USAGE = YES_ERROR;
				CLANG_WARN_DOCUMENTATION_COMMENTS = YES;
				CLANG_WARN_EMPTY_BODY = YES;
				CLANG_WARN_ENUM_CONVERSION = YES;
				CLANG_WARN_INFINITE_RECURSION = YES;
				CLANG_WARN_INT_CONVERSION = YES;
				CLANG_WARN_NON_LITERAL_NULL_CONVERSION = YES;
				CLANG_WARN_OBJC_IMPLICIT_RETAIN_SELF = YES;
				CLANG_WARN_OBJC_LITERAL_CONVERSION = YES;
				CLANG_WARN_OBJC_ROOT_CLASS = YES_ERROR;
				CLANG_WARN_RANGE_LOOP_ANALYSIS = YES;
				CLANG_WARN_STRICT_PROTOTYPES = YES;
				CLANG_WARN_SUSPICIOUS_MOVE = YES;
				CLANG_WARN_UNGUARDED_AVAILABILITY = YES_AGGRESSIVE;
				CLANG_WARN_UNREACHABLE_CODE = YES;
				CLANG_WARN__DUPLICATE_METHOD_MATCH = YES;
				CODE_SIGN_IDENTITY = "iPhone Developer";
				COPY_PHASE_STRIP = NO;
				DEBUG_INFORMATION_FORMAT = "dwarf-with-dsym";
				ENABLE_NS_ASSERTIONS = NO;
				ENABLE_STRICT_OBJC_MSGSEND = YES;
				GCC_C_LANGUAGE_STANDARD = gnu11;
				GCC_NO_COMMON_BLOCKS = YES;
				GCC_WARN_64_TO_32_BIT_CONVERSION = YES;
				GCC_WARN_ABOUT_RETURN_TYPE = YES_ERROR;
				GCC_WARN_UNDECLARED_SELECTOR = YES;
				GCC_WARN_UNINITIALIZED_AUTOS = YES_AGGRESSIVE;
				GCC_WARN_UNUSED_FUNCTION = YES;
				GCC_WARN_UNUSED_VARIABLE = YES;
				IPHONEOS_DEPLOYMENT_TARGET = 12.1;
				MTL_ENABLE_DEBUG_INFO = NO;
				MTL_FAST_MATH = YES;
				SDKROOT = iphoneos;
				VALIDATE_PRODUCT = YES;
			};
			name = Release;
		};
		E07CB77D222C0F470083CEAE /* Debug */ = {
			isa = XCBuildConfiguration;
			buildSettings = {
				ASSETCATALOG_COMPILER_APPICON_NAME = AppIcon;
				CODE_SIGN_STYLE = Automatic;
				DEVELOPMENT_TEAM = 2UXRD9357F;
				INFOPLIST_FILE = TurbApp/Info.plist;
				LD_RUNPATH_SEARCH_PATHS = (
					"$(inherited)",
					"@executable_path/Frameworks",
				);
				PRODUCT_BUNDLE_IDENTIFIER = ws.bassam.TurbApp;
				PRODUCT_NAME = "$(TARGET_NAME)";
				TARGETED_DEVICE_FAMILY = "1,2";
			};
			name = Debug;
		};
		E07CB77E222C0F470083CEAE /* Release */ = {
			isa = XCBuildConfiguration;
			buildSettings = {
				ASSETCATALOG_COMPILER_APPICON_NAME = AppIcon;
				CODE_SIGN_STYLE = Automatic;
				DEVELOPMENT_TEAM = 2UXRD9357F;
				INFOPLIST_FILE = TurbApp/Info.plist;
				LD_RUNPATH_SEARCH_PATHS = (
					"$(inherited)",
					"@executable_path/Frameworks",
				);
				PRODUCT_BUNDLE_IDENTIFIER = ws.bassam.TurbApp;
				PRODUCT_NAME = "$(TARGET_NAME)";
				TARGETED_DEVICE_FAMILY = "1,2";
			};
			name = Release;
		};
		E07CB780222C0F470083CEAE /* Debug */ = {
			isa = XCBuildConfiguration;
			buildSettings = {
				BUNDLE_LOADER = "$(TEST_HOST)";
				CODE_SIGN_STYLE = Automatic;
				DEVELOPMENT_TEAM = 2UXRD9357F;
				INFOPLIST_FILE = TurbAppTests/Info.plist;
				LD_RUNPATH_SEARCH_PATHS = (
					"$(inherited)",
					"@executable_path/Frameworks",
					"@loader_path/Frameworks",
				);
				PRODUCT_BUNDLE_IDENTIFIER = ws.bassam.TurbAppTests;
				PRODUCT_NAME = "$(TARGET_NAME)";
				TARGETED_DEVICE_FAMILY = "1,2";
				TEST_HOST = "$(BUILT_PRODUCTS_DIR)/TurbApp.app/TurbApp";
			};
			name = Debug;
		};
		E07CB781222C0F470083CEAE /* Release */ = {
			isa = XCBuildConfiguration;
			buildSettings = {
				BUNDLE_LOADER = "$(TEST_HOST)";
				CODE_SIGN_STYLE = Automatic;
				DEVELOPMENT_TEAM = 2UXRD9357F;
				INFOPLIST_FILE = TurbAppTests/Info.plist;
				LD_RUNPATH_SEARCH_PATHS = (
					"$(inherited)",
					"@executable_path/Frameworks",
					"@loader_path/Frameworks",
				);
				PRODUCT_BUNDLE_IDENTIFIER = ws.bassam.TurbAppTests;
				PRODUCT_NAME = "$(TARGET_NAME)";
				TARGETED_DEVICE_FAMILY = "1,2";
				TEST_HOST = "$(BUILT_PRODUCTS_DIR)/TurbApp.app/TurbApp";
			};
			name = Release;
		};
		E07CB783222C0F470083CEAE /* Debug */ = {
			isa = XCBuildConfiguration;
			buildSettings = {
				CODE_SIGN_STYLE = Automatic;
				DEVELOPMENT_TEAM = 2UXRD9357F;
				INFOPLIST_FILE = TurbAppUITests/Info.plist;
				LD_RUNPATH_SEARCH_PATHS = (
					"$(inherited)",
					"@executable_path/Frameworks",
					"@loader_path/Frameworks",
				);
				PRODUCT_BUNDLE_IDENTIFIER = ws.bassam.TurbAppUITests;
				PRODUCT_NAME = "$(TARGET_NAME)";
				TARGETED_DEVICE_FAMILY = "1,2";
				TEST_TARGET_NAME = TurbApp;
			};
			name = Debug;
		};
		E07CB784222C0F470083CEAE /* Release */ = {
			isa = XCBuildConfiguration;
			buildSettings = {
				CODE_SIGN_STYLE = Automatic;
				DEVELOPMENT_TEAM = 2UXRD9357F;
				INFOPLIST_FILE = TurbAppUITests/Info.plist;
				LD_RUNPATH_SEARCH_PATHS = (
					"$(inherited)",
					"@executable_path/Frameworks",
					"@loader_path/Frameworks",
				);
				PRODUCT_BUNDLE_IDENTIFIER = ws.bassam.TurbAppUITests;
				PRODUCT_NAME = "$(TARGET_NAME)";
				TARGETED_DEVICE_FAMILY = "1,2";
				TEST_TARGET_NAME = TurbApp;
			};
			name = Release;
		};
/* End XCBuildConfiguration section */

/* Begin XCConfigurationList section */
		E07CB74B222C0F450083CEAE /* Build configuration list for PBXProject "TurbApp" */ = {
			isa = XCConfigurationList;
			buildConfigurations = (
				E07CB77A222C0F470083CEAE /* Debug */,
				E07CB77B222C0F470083CEAE /* Release */,
			);
			defaultConfigurationIsVisible = 0;
			defaultConfigurationName = Release;
		};
		E07CB77C222C0F470083CEAE /* Build configuration list for PBXNativeTarget "TurbApp" */ = {
			isa = XCConfigurationList;
			buildConfigurations = (
				E07CB77D222C0F470083CEAE /* Debug */,
				E07CB77E222C0F470083CEAE /* Release */,
			);
			defaultConfigurationIsVisible = 0;
			defaultConfigurationName = Release;
		};
		E07CB77F222C0F470083CEAE /* Build configuration list for PBXNativeTarget "TurbAppTests" */ = {
			isa = XCConfigurationList;
			buildConfigurations = (
				E07CB780222C0F470083CEAE /* Debug */,
				E07CB781222C0F470083CEAE /* Release */,
			);
			defaultConfigurationIsVisible = 0;
			defaultConfigurationName = Release;
		};
		E07CB782222C0F470083CEAE /* Build configuration list for PBXNativeTarget "TurbAppUITests" */ = {
			isa = XCConfigurationList;
			buildConfigurations = (
				E07CB783222C0F470083CEAE /* Debug */,
				E07CB784222C0F470083CEAE /* Release */,
			);
			defaultConfigurationIsVisible = 0;
			defaultConfigurationName = Release;
		};
/* End XCConfigurationList section */
	};
	rootObject = E07CB748222C0F450083CEAE /* Project object */;
}
