// !$*UTF8*$!
{
	archiveVersion = 1;
	classes = {
	};
	objectVersion = 50;
	objects = {

/* Begin PBXBuildFile section */
		E07CB755222C0F450083CEAE /* AppDelegate.m in Sources */ = {isa = PBXBuildFile; fileRef = E07CB754222C0F450083CEAE /* AppDelegate.m */; };
		E07CB758222C0F450083CEAE /* FirstScreenViewController.m in Sources */ = {isa = PBXBuildFile; fileRef = E07CB757222C0F450083CEAE /* FirstScreenViewController.m */; };
		E07CB75B222C0F450083CEAE /* Main.storyboard in Resources */ = {isa = PBXBuildFile; fileRef = E07CB759222C0F450083CEAE /* Main.storyboard */; };
		E07CB75D222C0F470083CEAE /* Assets.xcassets in Resources */ = {isa = PBXBuildFile; fileRef = E07CB75C222C0F470083CEAE /* Assets.xcassets */; };
		E07CB760222C0F470083CEAE /* LaunchScreen.storyboard in Resources */ = {isa = PBXBuildFile; fileRef = E07CB75E222C0F470083CEAE /* LaunchScreen.storyboard */; };
		E07CB763222C0F470083CEAE /* main.m in Sources */ = {isa = PBXBuildFile; fileRef = E07CB762222C0F470083CEAE /* main.m */; };
		E07CB76D222C0F470083CEAE /* TurbAppTests.m in Sources */ = {isa = PBXBuildFile; fileRef = E07CB76C222C0F470083CEAE /* TurbAppTests.m */; };
		E07CB778222C0F470083CEAE /* TurbAppUITests.m in Sources */ = {isa = PBXBuildFile; fileRef = E07CB777222C0F470083CEAE /* TurbAppUITests.m */; };
		E07CB78F222C19090083CEAE /* FirstScreenView.m in Sources */ = {isa = PBXBuildFile; fileRef = E07CB78E222C19090083CEAE /* FirstScreenView.m */; };
/* End PBXBuildFile section */

/* Begin PBXContainerItemProxy section */
		E07CB769222C0F470083CEAE /* PBXContainerItemProxy */ = {
			isa = PBXContainerItemProxy;
			containerPortal = E07CB748222C0F450083CEAE /* Project object */;
			proxyType = 1;
			remoteGlobalIDString = E07CB74F222C0F450083CEAE;
			remoteInfo = TurbApp;
		};
		E07CB774222C0F470083CEAE /* PBXContainerItemProxy */ = {
			isa = PBXContainerItemProxy;
			containerPortal = E07CB748222C0F450083CEAE /* Project object */;
			proxyType = 1;
			remoteGlobalIDString = E07CB74F222C0F450083CEAE;
			remoteInfo = TurbApp;
		};
/* End PBXContainerItemProxy section */

/* Begin PBXFileReference section */
		E07CB750222C0F450083CEAE /* TurbApp.app */ = {isa = PBXFileReference; explicitFileType = wrapper.application; includeInIndex = 0; path = TurbApp.app; sourceTree = BUILT_PRODUCTS_DIR; };
		E07CB753222C0F450083CEAE /* AppDelegate.h */ = {isa = PBXFileReference; lastKnownFileType = sourcecode.c.h; path = AppDelegate.h; sourceTree = "<group>"; };
		E07CB754222C0F450083CEAE /* AppDelegate.m */ = {isa = PBXFileReference; lastKnownFileType = sourcecode.c.objc; path = AppDelegate.m; sourceTree = "<group>"; };
		E07CB756222C0F450083CEAE /* FirstScreenViewController.h */ = {isa = PBXFileReference; lastKnownFileType = sourcecode.c.h; path = FirstScreenViewController.h; sourceTree = "<group>"; };
		E07CB757222C0F450083CEAE /* FirstScreenViewController.m */ = {isa = PBXFileReference; lastKnownFileType = sourcecode.c.objc; path = FirstScreenViewController.m; sourceTree = "<group>"; };
		E07CB75A222C0F450083CEAE /* Base */ = {isa = PBXFileReference; lastKnownFileType = file.storyboard; name = Base; path = Base.lproj/Main.storyboard; sourceTree = "<group>"; };
		E07CB75C222C0F470083CEAE /* Assets.xcassets */ = {isa = PBXFileReference; lastKnownFileType = folder.assetcatalog; path = Assets.xcassets; sourceTree = "<group>"; };
		E07CB75F222C0F470083CEAE /* Base */ = {isa = PBXFileReference; lastKnownFileType = file.storyboard; name = Base; path = Base.lproj/LaunchScreen.storyboard; sourceTree = "<group>"; };
		E07CB761222C0F470083CEAE /* Info.plist */ = {isa = PBXFileReference; lastKnownFileType = text.plist.xml; path = Info.plist; sourceTree = "<group>"; };
		E07CB762222C0F470083CEAE /* main.m */ = {isa = PBXFileReference; lastKnownFileType = sourcecode.c.objc; path = main.m; sourceTree = "<group>"; };
		E07CB768222C0F470083CEAE /* TurbAppTests.xctest */ = {isa = PBXFileReference; explicitFileType = wrapper.cfbundle; includeInIndex = 0; path = TurbAppTests.xctest; sourceTree = BUILT_PRODUCTS_DIR; };
		E07CB76C222C0F470083CEAE /* TurbAppTests.m */ = {isa = PBXFileReference; lastKnownFileType = sourcecode.c.objc; path = TurbAppTests.m; sourceTree = "<group>"; };
		E07CB76E222C0F470083CEAE /* Info.plist */ = {isa = PBXFileReference; lastKnownFileType = text.plist.xml; path = Info.plist; sourceTree = "<group>"; };
		E07CB773222C0F470083CEAE /* TurbAppUITests.xctest */ = {isa = PBXFileReference; explicitFileType = wrapper.cfbundle; includeInIndex = 0; path = TurbAppUITests.xctest; sourceTree = BUILT_PRODUCTS_DIR; };
		E07CB777222C0F470083CEAE /* TurbAppUITests.m */ = {isa = PBXFileReference; lastKnownFileType = sourcecode.c.objc; path = TurbAppUITests.m; sourceTree = "<group>"; };
		E07CB779222C0F470083CEAE /* Info.plist */ = {isa = PBXFileReference; lastKnownFileType = text.plist.xml; path = Info.plist; sourceTree = "<group>"; };
		E07CB789222C16B60083CEAE /* common.h */ = {isa = PBXFileReference; lastKnownFileType = sourcecode.c.h; path = common.h; sourceTree = "<group>"; };
		E07CB78D222C19090083CEAE /* FirstScreenView.h */ = {isa = PBXFileReference; lastKnownFileType = sourcecode.c.h; path = FirstScreenView.h; sourceTree = "<group>"; };
		E07CB78E222C19090083CEAE /* FirstScreenView.m */ = {isa = PBXFileReference; lastKnownFileType = sourcecode.c.objc; path = FirstScreenView.m; sourceTree = "<group>"; };
		E07CB790222C1AD00083CEAE /* views_common.h */ = {isa = PBXFileReference; lastKnownFileType = sourcecode.c.h; path = views_common.h; sourceTree = "<group>"; };
		E07CB791222C1C810083CEAE /* FirstScreen_common.h */ = {isa = PBXFileReference; lastKnownFileType = sourcecode.c.h; path = FirstScreen_common.h; sourceTree = "<group>"; };
		E07CB792222C21500083CEAE /* views_resources.h */ = {isa = PBXFileReference; lastKnownFileType = sourcecode.c.h; path = views_resources.h; sourceTree = "<group>"; };
/* End PBXFileReference section */

/* Begin PBXFrameworksBuildPhase section */
		E07CB74D222C0F450083CEAE /* Frameworks */ = {
			isa = PBXFrameworksBuildPhase;
			buildActionMask = 2147483647;
			files = (
			);
			runOnlyForDeploymentPostprocessing = 0;
		};
		E07CB765222C0F470083CEAE /* Frameworks */ = {
			isa = PBXFrameworksBuildPhase;
			buildActionMask = 2147483647;
			files = (
			);
			runOnlyForDeploymentPostprocessing = 0;
		};
		E07CB770222C0F470083CEAE /* Frameworks */ = {
			isa = PBXFrameworksBuildPhase;
			buildActionMask = 2147483647;
			files = (
			);
			runOnlyForDeploymentPostprocessing = 0;
		};
/* End PBXFrameworksBuildPhase section */

/* Begin PBXGroup section */
		E07CB747222C0F450083CEAE = {
			isa = PBXGroup;
			children = (
				E07CB752222C0F450083CEAE /* TurbApp */,
				E07CB76B222C0F470083CEAE /* TurbAppTests */,
				E07CB776222C0F470083CEAE /* TurbAppUITests */,
				E07CB751222C0F450083CEAE /* Products */,
			);
			sourceTree = "<group>";
		};
		E07CB751222C0F450083CEAE /* Products */ = {
			isa = PBXGroup;
			children = (
				E07CB750222C0F450083CEAE /* TurbApp.app */,
				E07CB768222C0F470083CEAE /* TurbAppTests.xctest */,
				E07CB773222C0F470083CEAE /* TurbAppUITests.xctest */,
			);
			name = Products;
			sourceTree = "<group>";
		};
		E07CB752222C0F450083CEAE /* TurbApp */ = {
			isa = PBXGroup;
			children = (
				E07CB78B222C17380083CEAE /* Resources */,
				E07CB78A222C17210083CEAE /* Main */,
				E07CB787222C11540083CEAE /* Controllers */,
				E07CB786222C114F0083CEAE /* Views */,
				E07CB785222C11430083CEAE /* Models */,
			);
			path = TurbApp;
			sourceTree = "<group>";
		};
		E07CB76B222C0F470083CEAE /* TurbAppTests */ = {
			isa = PBXGroup;
			children = (
				E07CB76C222C0F470083CEAE /* TurbAppTests.m */,
				E07CB76E222C0F470083CEAE /* Info.plist */,
			);
			path = TurbAppTests;
			sourceTree = "<group>";
		};
		E07CB776222C0F470083CEAE /* TurbAppUITests */ = {
			isa = PBXGroup;
			children = (
				E07CB777222C0F470083CEAE /* TurbAppUITests.m */,
				E07CB779222C0F470083CEAE /* Info.plist */,
			);
			path = TurbAppUITests;
			sourceTree = "<group>";
		};
		E07CB785222C11430083CEAE /* Models */ = {
			isa = PBXGroup;
			children = (
				E07CB788222C16160083CEAE /* FirstScreen */,
			);
			path = Models;
			sourceTree = "<group>";
		};
		E07CB786222C114F0083CEAE /* Views */ = {
			isa = PBXGroup;
			children = (
				E07CB78C222C18D70083CEAE /* FirstScreen */,
				E07CB790222C1AD00083CEAE /* views_common.h */,
				E07CB792222C21500083CEAE /* views_resources.h */,
			);
			path = Views;
			sourceTree = "<group>";
		};
		E07CB787222C11540083CEAE /* Controllers */ = {
			isa = PBXGroup;
			children = (
			);
			path = Controllers;
			sourceTree = "<group>";
		};
		E07CB788222C16160083CEAE /* FirstScreen */ = {
			isa = PBXGroup;
			children = (
				E07CB756222C0F450083CEAE /* FirstScreenViewController.h */,
				E07CB757222C0F450083CEAE /* FirstScreenViewController.m */,
			);
			name = FirstScreen;
			sourceTree = "<group>";
		};
		E07CB78A222C17210083CEAE /* Main */ = {
			isa = PBXGroup;
			children = (
				E07CB753222C0F450083CEAE /* AppDelegate.h */,
				E07CB754222C0F450083CEAE /* AppDelegate.m */,
				E07CB762222C0F470083CEAE /* main.m */,
			);
			name = Main;
			sourceTree = "<group>";
		};
		E07CB78B222C17380083CEAE /* Resources */ = {
			isa = PBXGroup;
			children = (
				E07CB789222C16B60083CEAE /* common.h */,
				E07CB759222C0F450083CEAE /* Main.storyboard */,
				E07CB75C222C0F470083CEAE /* Assets.xcassets */,
				E07CB75E222C0F470083CEAE /* LaunchScreen.storyboard */,
				E07CB761222C0F470083CEAE /* Info.plist */,
			);
			name = Resources;
			sourceTree = "<group>";
		};
		E07CB78C222C18D70083CEAE /* FirstScreen */ = {
			isa = PBXGroup;
			children = (
				E07CB78D222C19090083CEAE /* FirstScreenView.h */,
				E07CB78E222C19090083CEAE /* FirstScreenView.m */,
				E07CB791222C1C810083CEAE /* FirstScreen_common.h */,
			);
			name = FirstScreen;
			sourceTree = "<group>";
		};
/* End PBXGroup section */

/* Begin PBXNativeTarget section */
		E07CB74F222C0F450083CEAE /* TurbApp */ = {
			isa = PBXNativeTarget;
			buildConfigurationList = E07CB77C222C0F470083CEAE /* Build configuration list for PBXNativeTarget "TurbApp" */;
			buildPhases = (
				E07CB74C222C0F450083CEAE /* Sources */,
				E07CB74D222C0F450083CEAE /* Frameworks */,
				E07CB74E222C0F450083CEAE /* Resources */,
			);
			buildRules = (
			);
			dependencies = (
			);
			name = TurbApp;
			productName = TurbApp;
			productReference = E07CB750222C0F450083CEAE /* TurbApp.app */;
			productType = "com.apple.product-type.application";
		};
		E07CB767222C0F470083CEAE /* TurbAppTests */ = {
			isa = PBXNativeTarget;
			buildConfigurationList = E07CB77F222C0F470083CEAE /* Build configuration list for PBXNativeTarget "TurbAppTests" */;
			buildPhases = (
				E07CB764222C0F470083CEAE /* Sources */,
				E07CB765222C0F470083CEAE /* Frameworks */,
				E07CB766222C0F470083CEAE /* Resources */,
			);
			buildRules = (
			);
			dependencies = (
				E07CB76A222C0F470083CEAE /* PBXTargetDependency */,
			);
			name = TurbAppTests;
			productName = TurbAppTests;
			productReference = E07CB768222C0F470083CEAE /* TurbAppTests.xctest */;
			productType = "com.apple.product-type.bundle.unit-test";
		};
		E07CB772222C0F470083CEAE /* TurbAppUITests */ = {
			isa = PBXNativeTarget;
			buildConfigurationList = E07CB782222C0F470083CEAE /* Build configuration list for PBXNativeTarget "TurbAppUITests" */;
			buildPhases = (
				E07CB76F222C0F470083CEAE /* Sources */,
				E07CB770222C0F470083CEAE /* Frameworks */,
				E07CB771222C0F470083CEAE /* Resources */,
			);
			buildRules = (
			);
			dependencies = (
				E07CB775222C0F470083CEAE /* PBXTargetDependency */,
			);
			name = TurbAppUITests;
			productName = TurbAppUITests;
			productReference = E07CB773222C0F470083CEAE /* TurbAppUITests.xctest */;
			productType = "com.apple.product-type.bundle.ui-testing";
		};
/* End PBXNativeTarget section */

/* Begin PBXProject section */
		E07CB748222C0F450083CEAE /* Project object */ = {
			isa = PBXProject;
			attributes = {
				LastUpgradeCheck = 1010;
				ORGANIZATIONNAME = Fraunhofer;
				TargetAttributes = {
					E07CB74F222C0F450083CEAE = {
						CreatedOnToolsVersion = 10.1;
					};
					E07CB767222C0F470083CEAE = {
						CreatedOnToolsVersion = 10.1;
						TestTargetID = E07CB74F222C0F450083CEAE;
					};
					E07CB772222C0F470083CEAE = {
						CreatedOnToolsVersion = 10.1;
						TestTargetID = E07CB74F222C0F450083CEAE;
					};
				};
			};
			buildConfigurationList = E07CB74B222C0F450083CEAE /* Build configuration list for PBXProject "TurbApp" */;
			compatibilityVersion = "Xcode 9.3";
			developmentRegion = en;
			hasScannedForEncodings = 0;
			knownRegions = (
				en,
				Base,
			);
			mainGroup = E07CB747222C0F450083CEAE;
			productRefGroup = E07CB751222C0F450083CEAE /* Products */;
			projectDirPath = "";
			projectRoot = "";
			targets = (
				E07CB74F222C0F450083CEAE /* TurbApp */,
				E07CB767222C0F470083CEAE /* TurbAppTests */,
				E07CB772222C0F470083CEAE /* TurbAppUITests */,
			);
		};
/* End PBXProject section */

/* Begin PBXResourcesBuildPhase section */
		E07CB74E222C0F450083CEAE /* Resources */ = {
			isa = PBXResourcesBuildPhase;
			buildActionMask = 2147483647;
			files = (
				E07CB760222C0F470083CEAE /* LaunchScreen.storyboard in Resources */,
				E07CB75D222C0F470083CEAE /* Assets.xcassets in Resources */,
				E07CB75B222C0F450083CEAE /* Main.storyboard in Resources */,
			);
			runOnlyForDeploymentPostprocessing = 0;
		};
		E07CB766222C0F470083CEAE /* Resources */ = {
			isa = PBXResourcesBuildPhase;
			buildActionMask = 2147483647;
			files = (
			);
			runOnlyForDeploymentPostprocessing = 0;
		};
		E07CB771222C0F470083CEAE /* Resources */ = {
			isa = PBXResourcesBuildPhase;
			buildActionMask = 2147483647;
			files = (
			);
			runOnlyForDeploymentPostprocessing = 0;
		};
/* End PBXResourcesBuildPhase section */

/* Begin PBXSourcesBuildPhase section */
		E07CB74C222C0F450083CEAE /* Sources */ = {
			isa = PBXSourcesBuildPhase;
			buildActionMask = 2147483647;
			files = (
				E07CB758222C0F450083CEAE /* FirstScreenViewController.m in Sources */,
				E07CB763222C0F470083CEAE /* main.m in Sources */,
				E07CB755222C0F450083CEAE /* AppDelegate.m in Sources */,
				E07CB78F222C19090083CEAE /* FirstScreenView.m in Sources */,
			);
			runOnlyForDeploymentPostprocessing = 0;
		};
		E07CB764222C0F470083CEAE /* Sources */ = {
			isa = PBXSourcesBuildPhase;
			buildActionMask = 2147483647;
			files = (
				E07CB76D222C0F470083CEAE /* TurbAppTests.m in Sources */,
			);
			runOnlyForDeploymentPostprocessing = 0;
		};
		E07CB76F222C0F470083CEAE /* Sources */ = {
			isa = PBXSourcesBuildPhase;
			buildActionMask = 2147483647;
			files = (
				E07CB778222C0F470083CEAE /* TurbAppUITests.m in Sources */,
			);
			runOnlyForDeploymentPostprocessing = 0;
		};
/* End PBXSourcesBuildPhase section */

/* Begin PBXTargetDependency section */
		E07CB76A222C0F470083CEAE /* PBXTargetDependency */ = {
			isa = PBXTargetDependency;
			target = E07CB74F222C0F450083CEAE /* TurbApp */;
			targetProxy = E07CB769222C0F470083CEAE /* PBXContainerItemProxy */;
		};
		E07CB775222C0F470083CEAE /* PBXTargetDependency */ = {
			isa = PBXTargetDependency;
			target = E07CB74F222C0F450083CEAE /* TurbApp */;
			targetProxy = E07CB774222C0F470083CEAE /* PBXContainerItemProxy */;
		};
/* End PBXTargetDependency section */

/* Begin PBXVariantGroup section */
		E07CB759222C0F450083CEAE /* Main.storyboard */ = {
			isa = PBXVariantGroup;
			children = (
				E07CB75A222C0F450083CEAE /* Base */,
			);
			name = Main.storyboard;
			sourceTree = "<group>";
		};
		E07CB75E222C0F470083CEAE /* LaunchScreen.storyboard */ = {
			isa = PBXVariantGroup;
			children = (
				E07CB75F222C0F470083CEAE /* Base */,
			);
			name = LaunchScreen.storyboard;
			sourceTree = "<group>";
		};
/* End PBXVariantGroup section */

/* Begin XCBuildConfiguration section */
		E07CB77A222C0F470083CEAE /* Debug */ = {
			isa = XCBuildConfiguration;
			buildSettings = {
				ALWAYS_SEARCH_USER_PATHS = NO;
				CLANG_ANALYZER_NONNULL = YES;
				CLANG_ANALYZER_NUMBER_OBJECT_CONVERSION = YES_AGGRESSIVE;
				CLANG_CXX_LANGUAGE_STANDARD = "gnu++14";
				CLANG_CXX_LIBRARY = "libc++";
				CLANG_ENABLE_MODULES = YES;
				CLANG_ENABLE_OBJC_ARC = YES;
				CLANG_ENABLE_OBJC_WEAK = YES;
				CLANG_WARN_BLOCK_CAPTURE_AUTORELEASING = YES;
				CLANG_WARN_BOOL_CONVERSION = YES;
				CLANG_WARN_COMMA = YES;
				CLANG_WARN_CONSTANT_CONVERSION = YES;
				CLANG_WARN_DEPRECATED_OBJC_IMPLEMENTATIONS = YES;
				CLANG_WARN_DIRECT_OBJC_ISA_USAGE = YES_ERROR;
				CLANG_WARN_DOCUMENTATION_COMMENTS = YES;
				CLANG_WARN_EMPTY_BODY = YES;
				CLANG_WARN_ENUM_CONVERSION = YES;
				CLANG_WARN_INFINITE_RECURSION = YES;
				CLANG_WARN_INT_CONVERSION = YES;
				CLANG_WARN_NON_LITERAL_NULL_CONVERSION = YES;
				CLANG_WARN_OBJC_IMPLICIT_RETAIN_SELF = YES;
				CLANG_WARN_OBJC_LITERAL_CONVERSION = YES;
				CLANG_WARN_OBJC_ROOT_CLASS = YES_ERROR;
				CLANG_WARN_RANGE_LOOP_ANALYSIS = YES;
				CLANG_WARN_STRICT_PROTOTYPES = YES;
				CLANG_WARN_SUSPICIOUS_MOVE = YES;
				CLANG_WARN_UNGUARDED_AVAILABILITY = YES_AGGRESSIVE;
				CLANG_WARN_UNREACHABLE_CODE = YES;
				CLANG_WARN__DUPLICATE_METHOD_MATCH = YES;
				CODE_SIGN_IDENTITY = "iPhone Developer";
				COPY_PHASE_STRIP = NO;
				DEBUG_INFORMATION_FORMAT = dwarf;
				ENABLE_STRICT_OBJC_MSGSEND = YES;
				ENABLE_TESTABILITY = YES;
				GCC_C_LANGUAGE_STANDARD = gnu11;
				GCC_DYNAMIC_NO_PIC = NO;
				GCC_NO_COMMON_BLOCKS = YES;
				GCC_OPTIMIZATION_LEVEL = 0;
				GCC_PREPROCESSOR_DEFINITIONS = (
					"DEBUG=1",
					"$(inherited)",
				);
				GCC_WARN_64_TO_32_BIT_CONVERSION = YES;
				GCC_WARN_ABOUT_RETURN_TYPE = YES_ERROR;
				GCC_WARN_UNDECLARED_SELECTOR = YES;
				GCC_WARN_UNINITIALIZED_AUTOS = YES_AGGRESSIVE;
				GCC_WARN_UNUSED_FUNCTION = YES;
				GCC_WARN_UNUSED_VARIABLE = YES;
				IPHONEOS_DEPLOYMENT_TARGET = 12.1;
				MTL_ENABLE_DEBUG_INFO = INCLUDE_SOURCE;
				MTL_FAST_MATH = YES;
				ONLY_ACTIVE_ARCH = YES;
				SDKROOT = iphoneos;
			};
			name = Debug;
		};
		E07CB77B222C0F470083CEAE /* Release */ = {
			isa = XCBuildConfiguration;
			buildSettings = {
				ALWAYS_SEARCH_USER_PATHS = NO;
				CLANG_ANALYZER_NONNULL = YES;
				CLANG_ANALYZER_NUMBER_OBJECT_CONVERSION = YES_AGGRESSIVE;
				CLANG_CXX_LANGUAGE_STANDARD = "gnu++14";
				CLANG_CXX_LIBRARY = "libc++";
				CLANG_ENABLE_MODULES = YES;
				CLANG_ENABLE_OBJC_ARC = YES;
				CLANG_ENABLE_OBJC_WEAK = YES;
				CLANG_WARN_BLOCK_CAPTURE_AUTORELEASING = YES;
				CLANG_WARN_BOOL_CONVERSION = YES;
				CLANG_WARN_COMMA = YES;
				CLANG_WARN_CONSTANT_CONVERSION = YES;
				CLANG_WARN_DEPRECATED_OBJC_IMPLEMENTATIONS = YES;
				CLANG_WARN_DIRECT_OBJC_ISA_USAGE = YES_ERROR;
				CLANG_WARN_DOCUMENTATION_COMMENTS = YES;
				CLANG_WARN_EMPTY_BODY = YES;
				CLANG_WARN_ENUM_CONVERSION = YES;
				CLANG_WARN_INFINITE_RECURSION = YES;
				CLANG_WARN_INT_CONVERSION = YES;
				CLANG_WARN_NON_LITERAL_NULL_CONVERSION = YES;
				CLANG_WARN_OBJC_IMPLICIT_RETAIN_SELF = YES;
				CLANG_WARN_OBJC_LITERAL_CONVERSION = YES;
				CLANG_WARN_OBJC_ROOT_CLASS = YES_ERROR;
				CLANG_WARN_RANGE_LOOP_ANALYSIS = YES;
				CLANG_WARN_STRICT_PROTOTYPES = YES;
				CLANG_WARN_SUSPICIOUS_MOVE = YES;
				CLANG_WARN_UNGUARDED_AVAILABILITY = YES_AGGRESSIVE;
				CLANG_WARN_UNREACHABLE_CODE = YES;
				CLANG_WARN__DUPLICATE_METHOD_MATCH = YES;
				CODE_SIGN_IDENTITY = "iPhone Developer";
				COPY_PHASE_STRIP = NO;
				DEBUG_INFORMATION_FORMAT = "dwarf-with-dsym";
				ENABLE_NS_ASSERTIONS = NO;
				ENABLE_STRICT_OBJC_MSGSEND = YES;
				GCC_C_LANGUAGE_STANDARD = gnu11;
				GCC_NO_COMMON_BLOCKS = YES;
				GCC_WARN_64_TO_32_BIT_CONVERSION = YES;
				GCC_WARN_ABOUT_RETURN_TYPE = YES_ERROR;
				GCC_WARN_UNDECLARED_SELECTOR = YES;
				GCC_WARN_UNINITIALIZED_AUTOS = YES_AGGRESSIVE;
				GCC_WARN_UNUSED_FUNCTION = YES;
				GCC_WARN_UNUSED_VARIABLE = YES;
				IPHONEOS_DEPLOYMENT_TARGET = 12.1;
				MTL_ENABLE_DEBUG_INFO = NO;
				MTL_FAST_MATH = YES;
				SDKROOT = iphoneos;
				VALIDATE_PRODUCT = YES;
			};
			name = Release;
		};
		E07CB77D222C0F470083CEAE /* Debug */ = {
			isa = XCBuildConfiguration;
			buildSettings = {
				ASSETCATALOG_COMPILER_APPICON_NAME = AppIcon;
				CODE_SIGN_STYLE = Automatic;
				DEVELOPMENT_TEAM = 2UXRD9357F;
				INFOPLIST_FILE = TurbApp/Info.plist;
				LD_RUNPATH_SEARCH_PATHS = (
					"$(inherited)",
					"@executable_path/Frameworks",
				);
				PRODUCT_BUNDLE_IDENTIFIER = ws.bassam.TurbApp;
				PRODUCT_NAME = "$(TARGET_NAME)";
				TARGETED_DEVICE_FAMILY = "1,2";
			};
			name = Debug;
		};
		E07CB77E222C0F470083CEAE /* Release */ = {
			isa = XCBuildConfiguration;
			buildSettings = {
				ASSETCATALOG_COMPILER_APPICON_NAME = AppIcon;
				CODE_SIGN_STYLE = Automatic;
				DEVELOPMENT_TEAM = 2UXRD9357F;
				INFOPLIST_FILE = TurbApp/Info.plist;
				LD_RUNPATH_SEARCH_PATHS = (
					"$(inherited)",
					"@executable_path/Frameworks",
				);
				PRODUCT_BUNDLE_IDENTIFIER = ws.bassam.TurbApp;
				PRODUCT_NAME = "$(TARGET_NAME)";
				TARGETED_DEVICE_FAMILY = "1,2";
			};
			name = Release;
		};
		E07CB780222C0F470083CEAE /* Debug */ = {
			isa = XCBuildConfiguration;
			buildSettings = {
				BUNDLE_LOADER = "$(TEST_HOST)";
				CODE_SIGN_STYLE = Automatic;
				DEVELOPMENT_TEAM = 2UXRD9357F;
				INFOPLIST_FILE = TurbAppTests/Info.plist;
				LD_RUNPATH_SEARCH_PATHS = (
					"$(inherited)",
					"@executable_path/Frameworks",
					"@loader_path/Frameworks",
				);
				PRODUCT_BUNDLE_IDENTIFIER = ws.bassam.TurbAppTests;
				PRODUCT_NAME = "$(TARGET_NAME)";
				TARGETED_DEVICE_FAMILY = "1,2";
				TEST_HOST = "$(BUILT_PRODUCTS_DIR)/TurbApp.app/TurbApp";
			};
			name = Debug;
		};
		E07CB781222C0F470083CEAE /* Release */ = {
			isa = XCBuildConfiguration;
			buildSettings = {
				BUNDLE_LOADER = "$(TEST_HOST)";
				CODE_SIGN_STYLE = Automatic;
				DEVELOPMENT_TEAM = 2UXRD9357F;
				INFOPLIST_FILE = TurbAppTests/Info.plist;
				LD_RUNPATH_SEARCH_PATHS = (
					"$(inherited)",
					"@executable_path/Frameworks",
					"@loader_path/Frameworks",
				);
				PRODUCT_BUNDLE_IDENTIFIER = ws.bassam.TurbAppTests;
				PRODUCT_NAME = "$(TARGET_NAME)";
				TARGETED_DEVICE_FAMILY = "1,2";
				TEST_HOST = "$(BUILT_PRODUCTS_DIR)/TurbApp.app/TurbApp";
			};
			name = Release;
		};
		E07CB783222C0F470083CEAE /* Debug */ = {
			isa = XCBuildConfiguration;
			buildSettings = {
				CODE_SIGN_STYLE = Automatic;
				DEVELOPMENT_TEAM = 2UXRD9357F;
				INFOPLIST_FILE = TurbAppUITests/Info.plist;
				LD_RUNPATH_SEARCH_PATHS = (
					"$(inherited)",
					"@executable_path/Frameworks",
					"@loader_path/Frameworks",
				);
				PRODUCT_BUNDLE_IDENTIFIER = ws.bassam.TurbAppUITests;
				PRODUCT_NAME = "$(TARGET_NAME)";
				TARGETED_DEVICE_FAMILY = "1,2";
				TEST_TARGET_NAME = TurbApp;
			};
			name = Debug;
		};
		E07CB784222C0F470083CEAE /* Release */ = {
			isa = XCBuildConfiguration;
			buildSettings = {
				CODE_SIGN_STYLE = Automatic;
				DEVELOPMENT_TEAM = 2UXRD9357F;
				INFOPLIST_FILE = TurbAppUITests/Info.plist;
				LD_RUNPATH_SEARCH_PATHS = (
					"$(inherited)",
					"@executable_path/Frameworks",
					"@loader_path/Frameworks",
				);
				PRODUCT_BUNDLE_IDENTIFIER = ws.bassam.TurbAppUITests;
				PRODUCT_NAME = "$(TARGET_NAME)";
				TARGETED_DEVICE_FAMILY = "1,2";
				TEST_TARGET_NAME = TurbApp;
			};
			name = Release;
		};
/* End XCBuildConfiguration section */

/* Begin XCConfigurationList section */
		E07CB74B222C0F450083CEAE /* Build configuration list for PBXProject "TurbApp" */ = {
			isa = XCConfigurationList;
			buildConfigurations = (
				E07CB77A222C0F470083CEAE /* Debug */,
				E07CB77B222C0F470083CEAE /* Release */,
			);
			defaultConfigurationIsVisible = 0;
			defaultConfigurationName = Release;
		};
		E07CB77C222C0F470083CEAE /* Build configuration list for PBXNativeTarget "TurbApp" */ = {
			isa = XCConfigurationList;
			buildConfigurations = (
				E07CB77D222C0F470083CEAE /* Debug */,
				E07CB77E222C0F470083CEAE /* Release */,
			);
			defaultConfigurationIsVisible = 0;
			defaultConfigurationName = Release;
		};
		E07CB77F222C0F470083CEAE /* Build configuration list for PBXNativeTarget "TurbAppTests" */ = {
			isa = XCConfigurationList;
			buildConfigurations = (
				E07CB780222C0F470083CEAE /* Debug */,
				E07CB781222C0F470083CEAE /* Release */,
			);
			defaultConfigurationIsVisible = 0;
			defaultConfigurationName = Release;
		};
		E07CB782222C0F470083CEAE /* Build configuration list for PBXNativeTarget "TurbAppUITests" */ = {
			isa = XCConfigurationList;
			buildConfigurations = (
				E07CB783222C0F470083CEAE /* Debug */,
				E07CB784222C0F470083CEAE /* Release */,
			);
			defaultConfigurationIsVisible = 0;
			defaultConfigurationName = Release;
		};
/* End XCConfigurationList section */
	};
	rootObject = E07CB748222C0F450083CEAE /* Project object */;
}
